
Microsoft Visual Studio Solution File, Format Version 12.00
# Visual Studio Version 17
VisualStudioVersion = 17.6.33626.354
MinimumVisualStudioVersion = 10.0.40219.1
Project("{FAE04EC0-301F-11D3-BF4B-00C04F79EFBC}") = "Example.DAL", "Example.DAL\Example.DAL.csproj", "{D173D149-9337-4F33-BD88-0C3A0A385E9A}"
EndProject
Project("{FAE04EC0-301F-11D3-BF4B-00C04F79EFBC}") = "Example.Core", "Example.Core\Example.Core.csproj", "{85FF502E-7A5D-4F3A-89B6-0C5D0A83EF0A}"
	ProjectSection(ProjectDependencies) = postProject
		{D4FCE423-5B97-4DA0-B261-BB15776CC743} = {D4FCE423-5B97-4DA0-B261-BB15776CC743}
	EndProjectSection
EndProject
Project("{FAE04EC0-301F-11D3-BF4B-00C04F79EFBC}") = "Example.Domain", "Example.Domain\Example.Domain.csproj", "{D4FCE423-5B97-4DA0-B261-BB15776CC743}"
EndProject
Project("{FAE04EC0-301F-11D3-BF4B-00C04F79EFBC}") = "Example.API", "Example.API\Example.API.csproj", "{3B89E78E-4DA2-480D-AFC6-EDFC5E612759}"
	ProjectSection(ProjectDependencies) = postProject
		{85FF502E-7A5D-4F3A-89B6-0C5D0A83EF0A} = {85FF502E-7A5D-4F3A-89B6-0C5D0A83EF0A}
		{D173D149-9337-4F33-BD88-0C3A0A385E9A} = {D173D149-9337-4F33-BD88-0C3A0A385E9A}
		{D4FCE423-5B97-4DA0-B261-BB15776CC743} = {D4FCE423-5B97-4DA0-B261-BB15776CC743}
	EndProjectSection
EndProject
Global
	GlobalSection(SolutionConfigurationPlatforms) = preSolution
		Debug|Any CPU = Debug|Any CPU
		Release|Any CPU = Release|Any CPU
	EndGlobalSection
	GlobalSection(ProjectConfigurationPlatforms) = postSolution
		{D173D149-9337-4F33-BD88-0C3A0A385E9A}.Debug|Any CPU.ActiveCfg = Debug|Any CPU
		{D173D149-9337-4F33-BD88-0C3A0A385E9A}.Debug|Any CPU.Build.0 = Debug|Any CPU
		{D173D149-9337-4F33-BD88-0C3A0A385E9A}.Release|Any CPU.ActiveCfg = Release|Any CPU
		{D173D149-9337-4F33-BD88-0C3A0A385E9A}.Release|Any CPU.Build.0 = Release|Any CPU
		{85FF502E-7A5D-4F3A-89B6-0C5D0A83EF0A}.Debug|Any CPU.ActiveCfg = Debug|Any CPU
		{85FF502E-7A5D-4F3A-89B6-0C5D0A83EF0A}.Debug|Any CPU.Build.0 = Debug|Any CPU
		{85FF502E-7A5D-4F3A-89B6-0C5D0A83EF0A}.Release|Any CPU.ActiveCfg = Release|Any CPU
		{85FF502E-7A5D-4F3A-89B6-0C5D0A83EF0A}.Release|Any CPU.Build.0 = Release|Any CPU
		{D4FCE423-5B97-4DA0-B261-BB15776CC743}.Debug|Any CPU.ActiveCfg = Debug|Any CPU
		{D4FCE423-5B97-4DA0-B261-BB15776CC743}.Debug|Any CPU.Build.0 = Debug|Any CPU
		{D4FCE423-5B97-4DA0-B261-BB15776CC743}.Release|Any CPU.ActiveCfg = Release|Any CPU
		{D4FCE423-5B97-4DA0-B261-BB15776CC743}.Release|Any CPU.Build.0 = Release|Any CPU
		{3B89E78E-4DA2-480D-AFC6-EDFC5E612759}.Debug|Any CPU.ActiveCfg = Debug|Any CPU
		{3B89E78E-4DA2-480D-AFC6-EDFC5E612759}.Debug|Any CPU.Build.0 = Debug|Any CPU
		{3B89E78E-4DA2-480D-AFC6-EDFC5E612759}.Release|Any CPU.ActiveCfg = Release|Any CPU
		{3B89E78E-4DA2-480D-AFC6-EDFC5E612759}.Release|Any CPU.Build.0 = Release|Any CPU
	EndGlobalSection
	GlobalSection(SolutionProperties) = preSolution
		HideSolutionNode = FALSE
	EndGlobalSection
	GlobalSection(ExtensibilityGlobals) = postSolution
		SolutionGuid = {AC2A2181-A983-4789-83AB-9CB83F58F7BE}
	EndGlobalSection
EndGlobal
